
Microsoft Visual Studio Solution File, Format Version 12.00
# Visual Studio Version 16
VisualStudioVersion = 16.0.32802.440
MinimumVisualStudioVersion = 10.0.40219.1
Project("{9A19103F-16F7-4668-BE54-9A1E7A4F7556}") = "Homework", "Task_12.11\Homework.csproj", "{A8B339C6-5BB1-4C84-8A82-FE830ECDB390}"
EndProject
Project("{FAE04EC0-301F-11D3-BF4B-00C04F79EFBC}") = "Tumakov", "Tumakov\Tumakov.csproj", "{0EA03C66-01B2-48DC-A54B-AD3CDED7A17D}"
EndProject
Global
	GlobalSection(SolutionConfigurationPlatforms) = preSolution
		Debug|Any CPU = Debug|Any CPU
		Release|Any CPU = Release|Any CPU
	EndGlobalSection
	GlobalSection(ProjectConfigurationPlatforms) = postSolution
		{A8B339C6-5BB1-4C84-8A82-FE830ECDB390}.Debug|Any CPU.ActiveCfg = Debug|Any CPU
		{A8B339C6-5BB1-4C84-8A82-FE830ECDB390}.Debug|Any CPU.Build.0 = Debug|Any CPU
		{A8B339C6-5BB1-4C84-8A82-FE830ECDB390}.Release|Any CPU.ActiveCfg = Release|Any CPU
		{A8B339C6-5BB1-4C84-8A82-FE830ECDB390}.Release|Any CPU.Build.0 = Release|Any CPU
		{0EA03C66-01B2-48DC-A54B-AD3CDED7A17D}.Debug|Any CPU.ActiveCfg = Debug|Any CPU
		{0EA03C66-01B2-48DC-A54B-AD3CDED7A17D}.Debug|Any CPU.Build.0 = Debug|Any CPU
		{0EA03C66-01B2-48DC-A54B-AD3CDED7A17D}.Release|Any CPU.ActiveCfg = Release|Any CPU
		{0EA03C66-01B2-48DC-A54B-AD3CDED7A17D}.Release|Any CPU.Build.0 = Release|Any CPU
	EndGlobalSection
	GlobalSection(SolutionProperties) = preSolution
		HideSolutionNode = FALSE
	EndGlobalSection
	GlobalSection(ExtensibilityGlobals) = postSolution
		SolutionGuid = {34990E38-D367-4AC0-B04B-0995DDB4AC99}
	EndGlobalSection
EndGlobal
